
Microsoft Visual Studio Solution File, Format Version 12.00
# Visual Studio Express 2012 for Windows Desktop
Project("{FAE04EC0-301F-11D3-BF4B-00C04F79EFBC}") = "View", "CoogleGhrome\View.csproj", "{E7E82EEA-70BB-4FAA-BE60-EF549D5B2EF4}"
EndProject
Project("{FAE04EC0-301F-11D3-BF4B-00C04F79EFBC}") = "Control", "Control\Control.csproj", "{947F8C30-E1EB-4C4F-88E7-7930837EFE46}"
EndProject
Project("{FAE04EC0-301F-11D3-BF4B-00C04F79EFBC}") = "Model", "Model\Model.csproj", "{C180F015-64AB-426E-9366-262525B9EB6E}"
EndProject
Project("{FAE04EC0-301F-11D3-BF4B-00C04F79EFBC}") = "Data", "Data\Data.csproj", "{60AFA0F1-7B6F-4A2B-9F34-DDAC2C525F99}"
EndProject
Project("{FAE04EC0-301F-11D3-BF4B-00C04F79EFBC}") = "OldData", "OldData\OldData.csproj", "{C346EBAB-81E3-419A-84B8-8C1227F37C0C}"
EndProject
Global
	GlobalSection(SolutionConfigurationPlatforms) = preSolution
		Debug|Any CPU = Debug|Any CPU
		Release|Any CPU = Release|Any CPU
	EndGlobalSection
	GlobalSection(ProjectConfigurationPlatforms) = postSolution
		{E7E82EEA-70BB-4FAA-BE60-EF549D5B2EF4}.Debug|Any CPU.ActiveCfg = Debug|Any CPU
		{E7E82EEA-70BB-4FAA-BE60-EF549D5B2EF4}.Debug|Any CPU.Build.0 = Debug|Any CPU
		{E7E82EEA-70BB-4FAA-BE60-EF549D5B2EF4}.Release|Any CPU.ActiveCfg = Release|Any CPU
		{E7E82EEA-70BB-4FAA-BE60-EF549D5B2EF4}.Release|Any CPU.Build.0 = Release|Any CPU
		{947F8C30-E1EB-4C4F-88E7-7930837EFE46}.Debug|Any CPU.ActiveCfg = Debug|Any CPU
		{947F8C30-E1EB-4C4F-88E7-7930837EFE46}.Debug|Any CPU.Build.0 = Debug|Any CPU
		{947F8C30-E1EB-4C4F-88E7-7930837EFE46}.Release|Any CPU.ActiveCfg = Release|Any CPU
		{947F8C30-E1EB-4C4F-88E7-7930837EFE46}.Release|Any CPU.Build.0 = Release|Any CPU
		{C180F015-64AB-426E-9366-262525B9EB6E}.Debug|Any CPU.ActiveCfg = Debug|Any CPU
		{C180F015-64AB-426E-9366-262525B9EB6E}.Debug|Any CPU.Build.0 = Debug|Any CPU
		{C180F015-64AB-426E-9366-262525B9EB6E}.Release|Any CPU.ActiveCfg = Release|Any CPU
		{C180F015-64AB-426E-9366-262525B9EB6E}.Release|Any CPU.Build.0 = Release|Any CPU
		{60AFA0F1-7B6F-4A2B-9F34-DDAC2C525F99}.Debug|Any CPU.ActiveCfg = Debug|Any CPU
		{60AFA0F1-7B6F-4A2B-9F34-DDAC2C525F99}.Debug|Any CPU.Build.0 = Debug|Any CPU
		{60AFA0F1-7B6F-4A2B-9F34-DDAC2C525F99}.Release|Any CPU.ActiveCfg = Release|Any CPU
		{60AFA0F1-7B6F-4A2B-9F34-DDAC2C525F99}.Release|Any CPU.Build.0 = Release|Any CPU
		{C346EBAB-81E3-419A-84B8-8C1227F37C0C}.Debug|Any CPU.ActiveCfg = Debug|Any CPU
		{C346EBAB-81E3-419A-84B8-8C1227F37C0C}.Debug|Any CPU.Build.0 = Debug|Any CPU
		{C346EBAB-81E3-419A-84B8-8C1227F37C0C}.Release|Any CPU.ActiveCfg = Release|Any CPU
		{C346EBAB-81E3-419A-84B8-8C1227F37C0C}.Release|Any CPU.Build.0 = Release|Any CPU
	EndGlobalSection
	GlobalSection(SolutionProperties) = preSolution
		HideSolutionNode = FALSE
	EndGlobalSection
EndGlobal
